
Microsoft Visual Studio Solution File, Format Version 12.00
# Visual Studio Version 16
VisualStudioVersion = 16.0.32929.386
MinimumVisualStudioVersion = 10.0.40219.1
Project("{C9674DCB-5085-4A16-B785-4C70DD1589BD}") = "ETL", "ETL.dtproj", "{F9C9F6E6-B7CC-452F-A832-B022EE0498E6}"
EndProject
Global
	GlobalSection(SolutionConfigurationPlatforms) = preSolution
		Development|Default = Development|Default
	EndGlobalSection
	GlobalSection(ProjectConfigurationPlatforms) = postSolution
		{F9C9F6E6-B7CC-452F-A832-B022EE0498E6}.Development|Default.ActiveCfg = Development
		{F9C9F6E6-B7CC-452F-A832-B022EE0498E6}.Development|Default.Build.0 = Development
	EndGlobalSection
	GlobalSection(SolutionProperties) = preSolution
		HideSolutionNode = FALSE
	EndGlobalSection
	GlobalSection(ExtensibilityGlobals) = postSolution
		SolutionGuid = {9A43A1DC-FE40-4107-A8CF-64001650ADD3}
	EndGlobalSection
EndGlobal
